
Microsoft Visual Studio Solution File, Format Version 11.00
# Visual Studio 2010
Project("{FAE04EC0-301F-11D3-BF4B-00C04F79EFBC}") = "TestStockTrader", "TestStockTrader\TestStockTrader.csproj", "{18B9DAED-9005-4701-BCD4-ADB251F30EAB}"
EndProject
Project("{F088123C-0E9E-452A-89E6-6BA2F21D5CAC}") = "StockTraderModel", "StockTraderModel\StockTraderModel.modelproj", "{F2EC7006-9A13-410D-A3DF-9714B9745710}"
EndProject
Project("{FAE04EC0-301F-11D3-BF4B-00C04F79EFBC}") = "Stock.Market.Sina", "Stock.Market.Sina\Stock.Market.Sina.csproj", "{74B7DCEA-900F-45E5-AF0A-1B6F7FECB649}"
EndProject
Project("{FAE04EC0-301F-11D3-BF4B-00C04F79EFBC}") = "Stock.Market.Wjf", "Stock.Market.Wjf\Stock.Market.Wjf.csproj", "{C71BD2DB-02F0-46CA-A7C8-9B84BC6A24FC}"
EndProject
Project("{FAE04EC0-301F-11D3-BF4B-00C04F79EFBC}") = "Stock.Trader.HuaTai", "Stock.Trader.HuaTai\Stock.Trader.HuaTai.csproj", "{F1101EE9-D795-4B8E-A14D-B8AE79986FCD}"
EndProject
Project("{FAE04EC0-301F-11D3-BF4B-00C04F79EFBC}") = "Stock.Common", "Stock.Common\Stock.Common.csproj", "{20C7D12A-F795-454C-8437-C09FDEA02839}"
EndProject
Project("{FAE04EC0-301F-11D3-BF4B-00C04F79EFBC}") = "Stock.Trader.Gui", "Stock.Trader.Gui\Stock.Trader.Gui.csproj", "{38C9D0F7-2C89-4918-AA43-2CA476924F6B}"
EndProject
Project("{FAE04EC0-301F-11D3-BF4B-00C04F79EFBC}") = "Stock.Market.Server", "Stock.Market.Server\Stock.Market.Server.csproj", "{CE770480-5744-4DB0-AA0C-62705F84C3EB}"
EndProject
Project("{FAE04EC0-301F-11D3-BF4B-00C04F79EFBC}") = "Stock.Strategy.Python.Rotation", "Stock.Strategy.Python.Rotation\Stock.Strategy.Python.Rotation.csproj", "{B20A5FA7-F000-4914-B9FC-C768FA1A6D04}"
EndProject
Project("{FAE04EC0-301F-11D3-BF4B-00C04F79EFBC}") = "Stock.Strategy.RotationB", "Stock.Strategy.RotationB\Stock.Strategy.RotationB.csproj", "{C10192F9-9EB4-44E5-90D6-DA8852F929F8}"
EndProject
Global
	GlobalSection(TestCaseManagementSettings) = postSolution
		CategoryFile = monitor.vsmdi
	EndGlobalSection
	GlobalSection(SolutionConfigurationPlatforms) = preSolution
		Debug|Any CPU = Debug|Any CPU
		Debug|Mixed Platforms = Debug|Mixed Platforms
		Debug|x86 = Debug|x86
		Release|Any CPU = Release|Any CPU
		Release|Mixed Platforms = Release|Mixed Platforms
		Release|x86 = Release|x86
	EndGlobalSection
	GlobalSection(ProjectConfigurationPlatforms) = postSolution
		{18B9DAED-9005-4701-BCD4-ADB251F30EAB}.Debug|Any CPU.ActiveCfg = Debug|Any CPU
		{18B9DAED-9005-4701-BCD4-ADB251F30EAB}.Debug|Any CPU.Build.0 = Debug|Any CPU
		{18B9DAED-9005-4701-BCD4-ADB251F30EAB}.Debug|Mixed Platforms.ActiveCfg = Debug|Any CPU
		{18B9DAED-9005-4701-BCD4-ADB251F30EAB}.Debug|Mixed Platforms.Build.0 = Debug|Any CPU
		{18B9DAED-9005-4701-BCD4-ADB251F30EAB}.Debug|x86.ActiveCfg = Debug|Any CPU
		{18B9DAED-9005-4701-BCD4-ADB251F30EAB}.Release|Any CPU.ActiveCfg = Release|Any CPU
		{18B9DAED-9005-4701-BCD4-ADB251F30EAB}.Release|Any CPU.Build.0 = Release|Any CPU
		{18B9DAED-9005-4701-BCD4-ADB251F30EAB}.Release|Mixed Platforms.ActiveCfg = Release|Any CPU
		{18B9DAED-9005-4701-BCD4-ADB251F30EAB}.Release|Mixed Platforms.Build.0 = Release|Any CPU
		{18B9DAED-9005-4701-BCD4-ADB251F30EAB}.Release|x86.ActiveCfg = Release|Any CPU
		{F2EC7006-9A13-410D-A3DF-9714B9745710}.Debug|Any CPU.ActiveCfg = Debug|Any CPU
		{F2EC7006-9A13-410D-A3DF-9714B9745710}.Debug|Any CPU.Build.0 = Debug|Any CPU
		{F2EC7006-9A13-410D-A3DF-9714B9745710}.Debug|Mixed Platforms.ActiveCfg = Debug|Any CPU
		{F2EC7006-9A13-410D-A3DF-9714B9745710}.Debug|Mixed Platforms.Build.0 = Debug|Any CPU
		{F2EC7006-9A13-410D-A3DF-9714B9745710}.Debug|x86.ActiveCfg = Debug|Any CPU
		{F2EC7006-9A13-410D-A3DF-9714B9745710}.Release|Any CPU.ActiveCfg = Release|Any CPU
		{F2EC7006-9A13-410D-A3DF-9714B9745710}.Release|Any CPU.Build.0 = Release|Any CPU
		{F2EC7006-9A13-410D-A3DF-9714B9745710}.Release|Mixed Platforms.ActiveCfg = Release|Any CPU
		{F2EC7006-9A13-410D-A3DF-9714B9745710}.Release|Mixed Platforms.Build.0 = Release|Any CPU
		{F2EC7006-9A13-410D-A3DF-9714B9745710}.Release|x86.ActiveCfg = Release|Any CPU
		{74B7DCEA-900F-45E5-AF0A-1B6F7FECB649}.Debug|Any CPU.ActiveCfg = Debug|Any CPU
		{74B7DCEA-900F-45E5-AF0A-1B6F7FECB649}.Debug|Any CPU.Build.0 = Debug|Any CPU
		{74B7DCEA-900F-45E5-AF0A-1B6F7FECB649}.Debug|Mixed Platforms.ActiveCfg = Debug|Any CPU
		{74B7DCEA-900F-45E5-AF0A-1B6F7FECB649}.Debug|Mixed Platforms.Build.0 = Debug|Any CPU
		{74B7DCEA-900F-45E5-AF0A-1B6F7FECB649}.Debug|x86.ActiveCfg = Debug|Any CPU
		{74B7DCEA-900F-45E5-AF0A-1B6F7FECB649}.Release|Any CPU.ActiveCfg = Release|Any CPU
		{74B7DCEA-900F-45E5-AF0A-1B6F7FECB649}.Release|Any CPU.Build.0 = Release|Any CPU
		{74B7DCEA-900F-45E5-AF0A-1B6F7FECB649}.Release|Mixed Platforms.ActiveCfg = Release|Any CPU
		{74B7DCEA-900F-45E5-AF0A-1B6F7FECB649}.Release|Mixed Platforms.Build.0 = Release|Any CPU
		{74B7DCEA-900F-45E5-AF0A-1B6F7FECB649}.Release|x86.ActiveCfg = Release|Any CPU
		{C71BD2DB-02F0-46CA-A7C8-9B84BC6A24FC}.Debug|Any CPU.ActiveCfg = Debug|Any CPU
		{C71BD2DB-02F0-46CA-A7C8-9B84BC6A24FC}.Debug|Any CPU.Build.0 = Debug|Any CPU
		{C71BD2DB-02F0-46CA-A7C8-9B84BC6A24FC}.Debug|Mixed Platforms.ActiveCfg = Debug|Any CPU
		{C71BD2DB-02F0-46CA-A7C8-9B84BC6A24FC}.Debug|Mixed Platforms.Build.0 = Debug|Any CPU
		{C71BD2DB-02F0-46CA-A7C8-9B84BC6A24FC}.Debug|x86.ActiveCfg = Debug|Any CPU
		{C71BD2DB-02F0-46CA-A7C8-9B84BC6A24FC}.Release|Any CPU.ActiveCfg = Release|Any CPU
		{C71BD2DB-02F0-46CA-A7C8-9B84BC6A24FC}.Release|Any CPU.Build.0 = Release|Any CPU
		{C71BD2DB-02F0-46CA-A7C8-9B84BC6A24FC}.Release|Mixed Platforms.ActiveCfg = Release|Any CPU
		{C71BD2DB-02F0-46CA-A7C8-9B84BC6A24FC}.Release|Mixed Platforms.Build.0 = Release|Any CPU
		{C71BD2DB-02F0-46CA-A7C8-9B84BC6A24FC}.Release|x86.ActiveCfg = Release|Any CPU
		{F1101EE9-D795-4B8E-A14D-B8AE79986FCD}.Debug|Any CPU.ActiveCfg = Debug|Any CPU
		{F1101EE9-D795-4B8E-A14D-B8AE79986FCD}.Debug|Any CPU.Build.0 = Debug|Any CPU
		{F1101EE9-D795-4B8E-A14D-B8AE79986FCD}.Debug|Mixed Platforms.ActiveCfg = Debug|Any CPU
		{F1101EE9-D795-4B8E-A14D-B8AE79986FCD}.Debug|Mixed Platforms.Build.0 = Debug|Any CPU
		{F1101EE9-D795-4B8E-A14D-B8AE79986FCD}.Debug|x86.ActiveCfg = Debug|Any CPU
		{F1101EE9-D795-4B8E-A14D-B8AE79986FCD}.Release|Any CPU.ActiveCfg = Release|Any CPU
		{F1101EE9-D795-4B8E-A14D-B8AE79986FCD}.Release|Any CPU.Build.0 = Release|Any CPU
		{F1101EE9-D795-4B8E-A14D-B8AE79986FCD}.Release|Mixed Platforms.ActiveCfg = Release|Any CPU
		{F1101EE9-D795-4B8E-A14D-B8AE79986FCD}.Release|Mixed Platforms.Build.0 = Release|Any CPU
		{F1101EE9-D795-4B8E-A14D-B8AE79986FCD}.Release|x86.ActiveCfg = Release|Any CPU
		{20C7D12A-F795-454C-8437-C09FDEA02839}.Debug|Any CPU.ActiveCfg = Debug|Any CPU
		{20C7D12A-F795-454C-8437-C09FDEA02839}.Debug|Any CPU.Build.0 = Debug|Any CPU
		{20C7D12A-F795-454C-8437-C09FDEA02839}.Debug|Mixed Platforms.ActiveCfg = Debug|Any CPU
		{20C7D12A-F795-454C-8437-C09FDEA02839}.Debug|Mixed Platforms.Build.0 = Debug|Any CPU
		{20C7D12A-F795-454C-8437-C09FDEA02839}.Debug|x86.ActiveCfg = Debug|Any CPU
		{20C7D12A-F795-454C-8437-C09FDEA02839}.Release|Any CPU.ActiveCfg = Release|Any CPU
		{20C7D12A-F795-454C-8437-C09FDEA02839}.Release|Any CPU.Build.0 = Release|Any CPU
		{20C7D12A-F795-454C-8437-C09FDEA02839}.Release|Mixed Platforms.ActiveCfg = Release|Any CPU
		{20C7D12A-F795-454C-8437-C09FDEA02839}.Release|Mixed Platforms.Build.0 = Release|Any CPU
		{20C7D12A-F795-454C-8437-C09FDEA02839}.Release|x86.ActiveCfg = Release|Any CPU
		{38C9D0F7-2C89-4918-AA43-2CA476924F6B}.Debug|Any CPU.ActiveCfg = Debug|x86
		{38C9D0F7-2C89-4918-AA43-2CA476924F6B}.Debug|Mixed Platforms.ActiveCfg = Debug|x86
		{38C9D0F7-2C89-4918-AA43-2CA476924F6B}.Debug|Mixed Platforms.Build.0 = Debug|x86
		{38C9D0F7-2C89-4918-AA43-2CA476924F6B}.Debug|x86.ActiveCfg = Debug|x86
		{38C9D0F7-2C89-4918-AA43-2CA476924F6B}.Debug|x86.Build.0 = Debug|x86
		{38C9D0F7-2C89-4918-AA43-2CA476924F6B}.Release|Any CPU.ActiveCfg = Release|x86
		{38C9D0F7-2C89-4918-AA43-2CA476924F6B}.Release|Mixed Platforms.ActiveCfg = Release|x86
		{38C9D0F7-2C89-4918-AA43-2CA476924F6B}.Release|Mixed Platforms.Build.0 = Release|x86
		{38C9D0F7-2C89-4918-AA43-2CA476924F6B}.Release|x86.ActiveCfg = Release|x86
		{38C9D0F7-2C89-4918-AA43-2CA476924F6B}.Release|x86.Build.0 = Release|x86
		{CE770480-5744-4DB0-AA0C-62705F84C3EB}.Debug|Any CPU.ActiveCfg = Debug|Any CPU
		{CE770480-5744-4DB0-AA0C-62705F84C3EB}.Debug|Any CPU.Build.0 = Debug|Any CPU
		{CE770480-5744-4DB0-AA0C-62705F84C3EB}.Debug|Mixed Platforms.ActiveCfg = Debug|Any CPU
		{CE770480-5744-4DB0-AA0C-62705F84C3EB}.Debug|Mixed Platforms.Build.0 = Debug|Any CPU
		{CE770480-5744-4DB0-AA0C-62705F84C3EB}.Debug|x86.ActiveCfg = Debug|Any CPU
		{CE770480-5744-4DB0-AA0C-62705F84C3EB}.Release|Any CPU.ActiveCfg = Release|Any CPU
		{CE770480-5744-4DB0-AA0C-62705F84C3EB}.Release|Any CPU.Build.0 = Release|Any CPU
		{CE770480-5744-4DB0-AA0C-62705F84C3EB}.Release|Mixed Platforms.ActiveCfg = Release|Any CPU
		{CE770480-5744-4DB0-AA0C-62705F84C3EB}.Release|Mixed Platforms.Build.0 = Release|Any CPU
		{CE770480-5744-4DB0-AA0C-62705F84C3EB}.Release|x86.ActiveCfg = Release|Any CPU
		{B20A5FA7-F000-4914-B9FC-C768FA1A6D04}.Debug|Any CPU.ActiveCfg = Debug|Any CPU
		{B20A5FA7-F000-4914-B9FC-C768FA1A6D04}.Debug|Any CPU.Build.0 = Debug|Any CPU
		{B20A5FA7-F000-4914-B9FC-C768FA1A6D04}.Debug|Mixed Platforms.ActiveCfg = Debug|Any CPU
		{B20A5FA7-F000-4914-B9FC-C768FA1A6D04}.Debug|Mixed Platforms.Build.0 = Debug|Any CPU
		{B20A5FA7-F000-4914-B9FC-C768FA1A6D04}.Debug|x86.ActiveCfg = Debug|Any CPU
		{B20A5FA7-F000-4914-B9FC-C768FA1A6D04}.Release|Any CPU.ActiveCfg = Release|Any CPU
		{B20A5FA7-F000-4914-B9FC-C768FA1A6D04}.Release|Any CPU.Build.0 = Release|Any CPU
		{B20A5FA7-F000-4914-B9FC-C768FA1A6D04}.Release|Mixed Platforms.ActiveCfg = Release|Any CPU
		{B20A5FA7-F000-4914-B9FC-C768FA1A6D04}.Release|Mixed Platforms.Build.0 = Release|Any CPU
		{B20A5FA7-F000-4914-B9FC-C768FA1A6D04}.Release|x86.ActiveCfg = Release|Any CPU
		{C10192F9-9EB4-44E5-90D6-DA8852F929F8}.Debug|Any CPU.ActiveCfg = Debug|Any CPU
		{C10192F9-9EB4-44E5-90D6-DA8852F929F8}.Debug|Any CPU.Build.0 = Debug|Any CPU
		{C10192F9-9EB4-44E5-90D6-DA8852F929F8}.Debug|Mixed Platforms.ActiveCfg = Debug|Any CPU
		{C10192F9-9EB4-44E5-90D6-DA8852F929F8}.Debug|Mixed Platforms.Build.0 = Debug|Any CPU
		{C10192F9-9EB4-44E5-90D6-DA8852F929F8}.Debug|x86.ActiveCfg = Debug|Any CPU
		{C10192F9-9EB4-44E5-90D6-DA8852F929F8}.Release|Any CPU.ActiveCfg = Release|Any CPU
		{C10192F9-9EB4-44E5-90D6-DA8852F929F8}.Release|Any CPU.Build.0 = Release|Any CPU
		{C10192F9-9EB4-44E5-90D6-DA8852F929F8}.Release|Mixed Platforms.ActiveCfg = Release|Any CPU
		{C10192F9-9EB4-44E5-90D6-DA8852F929F8}.Release|Mixed Platforms.Build.0 = Release|Any CPU
		{C10192F9-9EB4-44E5-90D6-DA8852F929F8}.Release|x86.ActiveCfg = Release|Any CPU
	EndGlobalSection
	GlobalSection(SolutionProperties) = preSolution
		HideSolutionNode = FALSE
	EndGlobalSection
EndGlobal
